
Microsoft Visual Studio Solution File, Format Version 12.00
# Visual Studio Version 17
VisualStudioVersion = 17.0.32112.339
MinimumVisualStudioVersion = 10.0.40219.1
Project("{9A19103F-16F7-4668-BE54-9A1E7A4F7556}") = "ProyectoMaestro", "ProyectoMaestro\ProyectoMaestro.csproj", "{21102035-5B44-4B74-B8B7-AA7A9E37E884}"
EndProject
Project("{FAE04EC0-301F-11D3-BF4B-00C04F79EFBC}") = "Datos", "Datos\Datos.csproj", "{432CFFD7-7D30-4818-930E-EC90A740F6EF}"
EndProject
Project("{FAE04EC0-301F-11D3-BF4B-00C04F79EFBC}") = "Dominio", "Dominio\Dominio.csproj", "{450004E6-5274-4179-9CE9-84CAEDB75CBA}"
EndProject
Global
	GlobalSection(SolutionConfigurationPlatforms) = preSolution
		Debug|Any CPU = Debug|Any CPU
		Release|Any CPU = Release|Any CPU
	EndGlobalSection
	GlobalSection(ProjectConfigurationPlatforms) = postSolution
		{21102035-5B44-4B74-B8B7-AA7A9E37E884}.Debug|Any CPU.ActiveCfg = Debug|Any CPU
		{21102035-5B44-4B74-B8B7-AA7A9E37E884}.Debug|Any CPU.Build.0 = Debug|Any CPU
		{21102035-5B44-4B74-B8B7-AA7A9E37E884}.Release|Any CPU.ActiveCfg = Release|Any CPU
		{21102035-5B44-4B74-B8B7-AA7A9E37E884}.Release|Any CPU.Build.0 = Release|Any CPU
		{432CFFD7-7D30-4818-930E-EC90A740F6EF}.Debug|Any CPU.ActiveCfg = Debug|Any CPU
		{432CFFD7-7D30-4818-930E-EC90A740F6EF}.Debug|Any CPU.Build.0 = Debug|Any CPU
		{432CFFD7-7D30-4818-930E-EC90A740F6EF}.Release|Any CPU.ActiveCfg = Release|Any CPU
		{432CFFD7-7D30-4818-930E-EC90A740F6EF}.Release|Any CPU.Build.0 = Release|Any CPU
		{450004E6-5274-4179-9CE9-84CAEDB75CBA}.Debug|Any CPU.ActiveCfg = Debug|Any CPU
		{450004E6-5274-4179-9CE9-84CAEDB75CBA}.Debug|Any CPU.Build.0 = Debug|Any CPU
		{450004E6-5274-4179-9CE9-84CAEDB75CBA}.Release|Any CPU.ActiveCfg = Release|Any CPU
		{450004E6-5274-4179-9CE9-84CAEDB75CBA}.Release|Any CPU.Build.0 = Release|Any CPU
	EndGlobalSection
	GlobalSection(SolutionProperties) = preSolution
		HideSolutionNode = FALSE
	EndGlobalSection
	GlobalSection(ExtensibilityGlobals) = postSolution
		SolutionGuid = {22420C77-6F92-4228-89CF-C5BB2BE829E7}
	EndGlobalSection
EndGlobal
